
Microsoft Visual Studio Solution File, Format Version 12.00
# Visual Studio 2012
Project("{FAE04EC0-301F-11D3-BF4B-00C04F79EFBC}") = "DeFinder", "DeFinder\DeFinder.csproj", "{B839AB06-1172-468D-A4F1-F31064EF45F7}"
EndProject
Project("{FAE04EC0-301F-11D3-BF4B-00C04F79EFBC}") = "DeFinderLib", "DeFinderLib\DeFinderLib.csproj", "{B56C3A6E-A751-40A2-8B53-A1D0F83B97FF}"
EndProject
Project("{FAE04EC0-301F-11D3-BF4B-00C04F79EFBC}") = "DeFinder-wpf", "DeFinder-wpf\DeFinder-wpf.csproj", "{7EC8EC8C-5E45-490D-AF7C-AC705FC92472}"
EndProject
Global
	GlobalSection(SolutionConfigurationPlatforms) = preSolution
		Debug|Any CPU = Debug|Any CPU
		Release|Any CPU = Release|Any CPU
	EndGlobalSection
	GlobalSection(ProjectConfigurationPlatforms) = postSolution
		{B839AB06-1172-468D-A4F1-F31064EF45F7}.Debug|Any CPU.ActiveCfg = Debug|Any CPU
		{B839AB06-1172-468D-A4F1-F31064EF45F7}.Debug|Any CPU.Build.0 = Debug|Any CPU
		{B839AB06-1172-468D-A4F1-F31064EF45F7}.Release|Any CPU.ActiveCfg = Release|Any CPU
		{B839AB06-1172-468D-A4F1-F31064EF45F7}.Release|Any CPU.Build.0 = Release|Any CPU
		{B56C3A6E-A751-40A2-8B53-A1D0F83B97FF}.Debug|Any CPU.ActiveCfg = Debug|Any CPU
		{B56C3A6E-A751-40A2-8B53-A1D0F83B97FF}.Debug|Any CPU.Build.0 = Debug|Any CPU
		{B56C3A6E-A751-40A2-8B53-A1D0F83B97FF}.Release|Any CPU.ActiveCfg = Release|Any CPU
		{B56C3A6E-A751-40A2-8B53-A1D0F83B97FF}.Release|Any CPU.Build.0 = Release|Any CPU
		{7EC8EC8C-5E45-490D-AF7C-AC705FC92472}.Debug|Any CPU.ActiveCfg = Debug|Any CPU
		{7EC8EC8C-5E45-490D-AF7C-AC705FC92472}.Debug|Any CPU.Build.0 = Debug|Any CPU
		{7EC8EC8C-5E45-490D-AF7C-AC705FC92472}.Release|Any CPU.ActiveCfg = Release|Any CPU
		{7EC8EC8C-5E45-490D-AF7C-AC705FC92472}.Release|Any CPU.Build.0 = Release|Any CPU
	EndGlobalSection
	GlobalSection(SolutionProperties) = preSolution
		HideSolutionNode = FALSE
	EndGlobalSection
EndGlobal
